
Microsoft Visual Studio Solution File, Format Version 12.00
# Visual Studio Version 17
VisualStudioVersion = 17.4.33213.308
MinimumVisualStudioVersion = 10.0.40219.1
Project("{FAE04EC0-301F-11D3-BF4B-00C04F79EFBC}") = "POMActionBased", "POMActionBased\POMActionBased.csproj", "{DAB9EC3C-542C-4158-A80B-451179303689}"
EndProject
Global
	GlobalSection(SolutionConfigurationPlatforms) = preSolution
		Debug|Any CPU = Debug|Any CPU
		Release|Any CPU = Release|Any CPU
	EndGlobalSection
	GlobalSection(ProjectConfigurationPlatforms) = postSolution
		{DAB9EC3C-542C-4158-A80B-451179303689}.Debug|Any CPU.ActiveCfg = Debug|Any CPU
		{DAB9EC3C-542C-4158-A80B-451179303689}.Debug|Any CPU.Build.0 = Debug|Any CPU
		{DAB9EC3C-542C-4158-A80B-451179303689}.Release|Any CPU.ActiveCfg = Release|Any CPU
		{DAB9EC3C-542C-4158-A80B-451179303689}.Release|Any CPU.Build.0 = Release|Any CPU
	EndGlobalSection
	GlobalSection(SolutionProperties) = preSolution
		HideSolutionNode = FALSE
	EndGlobalSection
	GlobalSection(ExtensibilityGlobals) = postSolution
		SolutionGuid = {6ECC4D2B-9C5F-459F-A16B-2400F2AD3319}
	EndGlobalSection
EndGlobal
